
Microsoft Visual Studio Solution File, Format Version 12.00
# Visual Studio 15
VisualStudioVersion = 15.0.28306.52
MinimumVisualStudioVersion = 10.0.40219.1
Project("{FAE04EC0-301F-11D3-BF4B-00C04F79EFBC}") = "DotNetPixelSnoop", "DotNetPixelSnoop\DotNetPixelSnoop.csproj", "{0CEFE2C3-3C79-4779-BB6F-65933D3E591E}"
EndProject
Global
	GlobalSection(SolutionConfigurationPlatforms) = preSolution
		Debug|Any CPU = Debug|Any CPU
		Release|Any CPU = Release|Any CPU
	EndGlobalSection
	GlobalSection(ProjectConfigurationPlatforms) = postSolution
		{0CEFE2C3-3C79-4779-BB6F-65933D3E591E}.Debug|Any CPU.ActiveCfg = Debug|Any CPU
		{0CEFE2C3-3C79-4779-BB6F-65933D3E591E}.Debug|Any CPU.Build.0 = Debug|Any CPU
		{0CEFE2C3-3C79-4779-BB6F-65933D3E591E}.Release|Any CPU.ActiveCfg = Release|Any CPU
		{0CEFE2C3-3C79-4779-BB6F-65933D3E591E}.Release|Any CPU.Build.0 = Release|Any CPU
	EndGlobalSection
	GlobalSection(SolutionProperties) = preSolution
		HideSolutionNode = FALSE
	EndGlobalSection
	GlobalSection(ExtensibilityGlobals) = postSolution
		SolutionGuid = {9B7C41C9-AD40-449C-B6AD-1BA81E5A49F9}
	EndGlobalSection
EndGlobal
